
Microsoft Visual Studio Solution File, Format Version 12.00
# Visual Studio 14
VisualStudioVersion = 14.0.24720.0
MinimumVisualStudioVersion = 10.0.40219.1
Project("{FAE04EC0-301F-11D3-BF4B-00C04F79EFBC}") = "AirlineWPF", "AirlineWPF\AirlineWPF.csproj", "{96DC7906-D48B-4D47-AE63-BF00415FCF83}"
EndProject
Project("{FAE04EC0-301F-11D3-BF4B-00C04F79EFBC}") = "WinFormsBasics", "WinFormsBasics\WinFormsBasics.csproj", "{A597DD6F-56C8-40FC-BCBB-1C586F19FB89}"
EndProject
Project("{FAE04EC0-301F-11D3-BF4B-00C04F79EFBC}") = "AirlinePresenter", "AirlineController\AirlinePresenter.csproj", "{87ACC3AD-D22B-43EE-992C-52D9F84C8D5E}"
EndProject
Project("{FAE04EC0-301F-11D3-BF4B-00C04F79EFBC}") = "AirlineModel", "AirlineModel\AirlineModel.csproj", "{A2CE969D-48E6-4CDC-B29A-C4DAE7C85BBB}"
EndProject
Global
	GlobalSection(SolutionConfigurationPlatforms) = preSolution
		Debug|Any CPU = Debug|Any CPU
		Release|Any CPU = Release|Any CPU
	EndGlobalSection
	GlobalSection(ProjectConfigurationPlatforms) = postSolution
		{96DC7906-D48B-4D47-AE63-BF00415FCF83}.Debug|Any CPU.ActiveCfg = Debug|Any CPU
		{96DC7906-D48B-4D47-AE63-BF00415FCF83}.Debug|Any CPU.Build.0 = Debug|Any CPU
		{96DC7906-D48B-4D47-AE63-BF00415FCF83}.Release|Any CPU.ActiveCfg = Release|Any CPU
		{96DC7906-D48B-4D47-AE63-BF00415FCF83}.Release|Any CPU.Build.0 = Release|Any CPU
		{A597DD6F-56C8-40FC-BCBB-1C586F19FB89}.Debug|Any CPU.ActiveCfg = Debug|Any CPU
		{A597DD6F-56C8-40FC-BCBB-1C586F19FB89}.Debug|Any CPU.Build.0 = Debug|Any CPU
		{A597DD6F-56C8-40FC-BCBB-1C586F19FB89}.Release|Any CPU.ActiveCfg = Release|Any CPU
		{A597DD6F-56C8-40FC-BCBB-1C586F19FB89}.Release|Any CPU.Build.0 = Release|Any CPU
		{87ACC3AD-D22B-43EE-992C-52D9F84C8D5E}.Debug|Any CPU.ActiveCfg = Debug|Any CPU
		{87ACC3AD-D22B-43EE-992C-52D9F84C8D5E}.Debug|Any CPU.Build.0 = Debug|Any CPU
		{87ACC3AD-D22B-43EE-992C-52D9F84C8D5E}.Release|Any CPU.ActiveCfg = Release|Any CPU
		{87ACC3AD-D22B-43EE-992C-52D9F84C8D5E}.Release|Any CPU.Build.0 = Release|Any CPU
		{A2CE969D-48E6-4CDC-B29A-C4DAE7C85BBB}.Debug|Any CPU.ActiveCfg = Debug|Any CPU
		{A2CE969D-48E6-4CDC-B29A-C4DAE7C85BBB}.Debug|Any CPU.Build.0 = Debug|Any CPU
		{A2CE969D-48E6-4CDC-B29A-C4DAE7C85BBB}.Release|Any CPU.ActiveCfg = Release|Any CPU
		{A2CE969D-48E6-4CDC-B29A-C4DAE7C85BBB}.Release|Any CPU.Build.0 = Release|Any CPU
	EndGlobalSection
	GlobalSection(SolutionProperties) = preSolution
		HideSolutionNode = FALSE
	EndGlobalSection
EndGlobal
